{
  "name": "turbo-parallel-continue-bug",
  "lockfileVersion": 3,
  "requires": true,
  "packages": {
    "": {
      "workspaces": [
        "packages/*"
      ],
      "dependencies": {
        "turbo": "^2.4.3-canary.3"
      }
    },
    "node_modules/bar": {
      "resolved": "packages/bar",
      "link": true
    },
    "node_modules/baz": {
      "resolved": "packages/baz",
      "link": true
    },
    "node_modules/foo": {
      "resolved": "packages/foo",
      "link": true
    },
    "node_modules/lol": {
      "resolved": "packages/lol",
      "link": true
    },
    "node_modules/turbo": {
      "version": "2.4.3-canary.3",
      "resolved": "https://registry.npmjs.org/turbo/-/turbo-2.4.3-canary.3.tgz",
      "integrity": "sha512-DyyNG5gEnbxSdRTfNDiSAl9JXTjsNceb5D7+DSIufIrxacR7IpgyZoPsW+3xIFQStNuCvp1YfOfXrM7jtBT+eQ==",
      "license": "MIT",
      "bin": {
        "turbo": "bin/turbo"
      },
      "optionalDependencies": {
        "turbo-darwin-64": "2.4.3-canary.3",
        "turbo-darwin-arm64": "2.4.3-canary.3",
        "turbo-linux-64": "2.4.3-canary.3",
        "turbo-linux-arm64": "2.4.3-canary.3",
        "turbo-windows-64": "2.4.3-canary.3",
        "turbo-windows-arm64": "2.4.3-canary.3"
      }
    },
    "node_modules/turbo-darwin-64": {
      "version": "2.4.3-canary.3",
      "resolved": "https://registry.npmjs.org/turbo-darwin-64/-/turbo-darwin-64-2.4.3-canary.3.tgz",
      "integrity": "sha512-QHxGl2EDgO10QiHZFsdmF/Wl78BPcefwm3irRW3W8q9bVzUp3/3/Tc16Q6wBM/hlM60HXJ1I5l7nk34YLjCMQg==",
      "cpu": [
        "x64"
      ],
      "license": "MIT",
      "optional": true,
      "os": [
        "darwin"
      ]
    },
    "node_modules/turbo-darwin-arm64": {
      "version": "2.4.3-canary.3",
      "resolved": "https://registry.npmjs.org/turbo-darwin-arm64/-/turbo-darwin-arm64-2.4.3-canary.3.tgz",
      "integrity": "sha512-c4g13MnuhY+NKBT/XOJBr5qhZ8ZwjeAFeEO+savLGrZ0Dm6irEHI5xeB36vs6ryPN7FbkAX76pJ//yhSyY8kJw==",
      "cpu": [
        "arm64"
      ],
      "license": "MIT",
      "optional": true,
      "os": [
        "darwin"
      ]
    },
    "node_modules/turbo-linux-64": {
      "version": "2.4.3-canary.3",
      "resolved": "https://registry.npmjs.org/turbo-linux-64/-/turbo-linux-64-2.4.3-canary.3.tgz",
      "integrity": "sha512-XTHR25IGOSJTaFeG9dzRyUr0TeHnSLpYCjD4t8BG2vTLBfBlOJGkY7ffHb3ScyADv1HkF4jjAVy27YRXunloCQ==",
      "cpu": [
        "x64"
      ],
      "license": "MIT",
      "optional": true,
      "os": [
        "linux"
      ]
    },
    "node_modules/turbo-linux-arm64": {
      "version": "2.4.3-canary.3",
      "resolved": "https://registry.npmjs.org/turbo-linux-arm64/-/turbo-linux-arm64-2.4.3-canary.3.tgz",
      "integrity": "sha512-XNPdKPKLutDaIKyXYkNz08HVPBFhJHboV22h7leiNcvbyUdQLzZGH77WKkXzg3lijEzfBvCIcPBlPYYAqxzxDA==",
      "cpu": [
        "arm64"
      ],
      "license": "MIT",
      "optional": true,
      "os": [
        "linux"
      ]
    },
    "node_modules/turbo-windows-64": {
      "version": "2.4.3-canary.3",
      "resolved": "https://registry.npmjs.org/turbo-windows-64/-/turbo-windows-64-2.4.3-canary.3.tgz",
      "integrity": "sha512-rp59L9FoF5w789MRW/C0rOjIeqBd4b/QmPBZ45oeaLV9+UuOTWFZ/S8H06mEc0J2EqB0vgHruE/AqTQQ1OByEQ==",
      "cpu": [
        "x64"
      ],
      "license": "MIT",
      "optional": true,
      "os": [
        "win32"
      ]
    },
    "node_modules/turbo-windows-arm64": {
      "version": "2.4.3-canary.3",
      "resolved": "https://registry.npmjs.org/turbo-windows-arm64/-/turbo-windows-arm64-2.4.3-canary.3.tgz",
      "integrity": "sha512-J+6xRlo2jAIph1kmAFtQi/Pzjk3XWWnfVlvgyhAEx3npNl3wTqH7F1rbC+EO/V8UjxUO9+6pFWOU/Cc7fZgUZQ==",
      "cpu": [
        "arm64"
      ],
      "license": "MIT",
      "optional": true,
      "os": [
        "win32"
      ]
    },
    "node_modules/wut": {
      "resolved": "packages/wut",
      "link": true
    },
    "packages/bar": {
      "dependencies": {
        "baz": "*"
      }
    },
    "packages/baz": {
      "dependencies": {
        "foo": "*"
      }
    },
    "packages/foo": {
      "dependencies": {
        "lol": "*"
      }
    },
    "packages/lol": {
      "dependencies": {
        "wut": "*"
      }
    },
    "packages/wut": {}
  }
}
